
Microsoft Visual Studio Solution File, Format Version 12.00
# Visual Studio Version 16
VisualStudioVersion = 16.0.29613.14
MinimumVisualStudioVersion = 10.0.40219.1
Project("{FAE04EC0-301F-11D3-BF4B-00C04F79EFBC}") = "dpcq", "dpcq\dpcq.csproj", "{5903956F-EAB1-4E1A-BA36-53B4B9342C82}"
EndProject
Global
	GlobalSection(SolutionConfigurationPlatforms) = preSolution
		Debug|Any CPU = Debug|Any CPU
		Release|Any CPU = Release|Any CPU
	EndGlobalSection
	GlobalSection(ProjectConfigurationPlatforms) = postSolution
		{5903956F-EAB1-4E1A-BA36-53B4B9342C82}.Debug|Any CPU.ActiveCfg = Debug|Any CPU
		{5903956F-EAB1-4E1A-BA36-53B4B9342C82}.Debug|Any CPU.Build.0 = Debug|Any CPU
		{5903956F-EAB1-4E1A-BA36-53B4B9342C82}.Release|Any CPU.ActiveCfg = Release|Any CPU
		{5903956F-EAB1-4E1A-BA36-53B4B9342C82}.Release|Any CPU.Build.0 = Release|Any CPU
	EndGlobalSection
	GlobalSection(SolutionProperties) = preSolution
		HideSolutionNode = FALSE
	EndGlobalSection
	GlobalSection(ExtensibilityGlobals) = postSolution
		SolutionGuid = {E16E977A-C5D8-4A4C-88F4-E70DBB1D8389}
	EndGlobalSection
EndGlobal
